// !$*UTF8*$!
{
	archiveVersion = 1;
	classes = {
	};
	objectVersion = 56;
	objects = {

/* Begin PBXBuildFile section */
		DD000000000000000000001 /* WoundOSApp.swift in Sources */ = {isa = PBXBuildFile; fileRef = CC000000000000000000001; };
		DD000000000000000000002 /* ContentView.swift in Sources */ = {isa = PBXBuildFile; fileRef = CC000000000000000000002; };
		DD000000000000000000003 /* Theme.swift in Sources */ = {isa = PBXBuildFile; fileRef = CC000000000000000000003; };
		DD000000000000000000004 /* WOSButton.swift in Sources */ = {isa = PBXBuildFile; fileRef = CC000000000000000000004; };
		DD000000000000000000005 /* WOSCard.swift in Sources */ = {isa = PBXBuildFile; fileRef = CC000000000000000000005; };
		DD000000000000000000006 /* WOSHaptics.swift in Sources */ = {isa = PBXBuildFile; fileRef = CC000000000000000000006; };
		DD000000000000000000007 /* WOSMetricTile.swift in Sources */ = {isa = PBXBuildFile; fileRef = CC000000000000000000007; };
		DD000000000000000000008 /* WOSProgressRing.swift in Sources */ = {isa = PBXBuildFile; fileRef = CC000000000000000000008; };
		DD000000000000000000009 /* WOSShimmer.swift in Sources */ = {isa = PBXBuildFile; fileRef = CC000000000000000000009; };
		DD000000000000000000010 /* WOSStatusBadge.swift in Sources */ = {isa = PBXBuildFile; fileRef = CC000000000000000000010; };
		DD000000000000000000011 /* DashboardView.swift in Sources */ = {isa = PBXBuildFile; fileRef = CC000000000000000000011; };
		DD000000000000000000012 /* DashboardViewModel.swift in Sources */ = {isa = PBXBuildFile; fileRef = CC000000000000000000012; };
		DD000000000000000000013 /* HealingTrendChart.swift in Sources */ = {isa = PBXBuildFile; fileRef = CC000000000000000000013; };
		DD000000000000000000014 /* RecentScanCard.swift in Sources */ = {isa = PBXBuildFile; fileRef = CC000000000000000000014; };
		DD000000000000000000015 /* PatientListView.swift in Sources */ = {isa = PBXBuildFile; fileRef = CC000000000000000000015; };
		DD000000000000000000016 /* PatientProfileView.swift in Sources */ = {isa = PBXBuildFile; fileRef = CC000000000000000000016; };
		DD000000000000000000017 /* PatientViewModel.swift in Sources */ = {isa = PBXBuildFile; fileRef = CC000000000000000000017; };
		DD000000000000000000018 /* WoundTimelineView.swift in Sources */ = {isa = PBXBuildFile; fileRef = CC000000000000000000018; };
		DD000000000000000000019 /* SettingsView.swift in Sources */ = {isa = PBXBuildFile; fileRef = CC000000000000000000019; };
		DD000000000000000000020 /* CameraIntrinsics.swift in Sources */ = {isa = PBXBuildFile; fileRef = CC000000000000000000020; };
		DD000000000000000000021 /* CameraPose.swift in Sources */ = {isa = PBXBuildFile; fileRef = CC000000000000000000021; };
		DD000000000000000000022 /* PUSHScore.swift in Sources */ = {isa = PBXBuildFile; fileRef = CC000000000000000000022; };
		DD000000000000000000023 /* Patient.swift in Sources */ = {isa = PBXBuildFile; fileRef = CC000000000000000000023; };
		DD000000000000000000024 /* WoundMeasurement.swift in Sources */ = {isa = PBXBuildFile; fileRef = CC000000000000000000024; };
		DD000000000000000000025 /* WoundScan.swift in Sources */ = {isa = PBXBuildFile; fileRef = CC000000000000000000025; };
		DD000000000000000000026 /* MockDataProvider.swift in Sources */ = {isa = PBXBuildFile; fileRef = CC000000000000000000026; };
		DD000000000000000000027 /* ScanStore.swift in Sources */ = {isa = PBXBuildFile; fileRef = CC000000000000000000027; };
		DD000000000000000000028 /* ServerConfig.swift in Sources */ = {isa = PBXBuildFile; fileRef = CC000000000000000000028; };
		DD000000000000000000029 /* GaussianSplat.metal in Sources */ = {isa = PBXBuildFile; fileRef = CC000000000000000000029; };
		DD000000000000000000040 /* Assets.xcassets in Resources */ = {isa = PBXBuildFile; fileRef = CC000000000000000000040; };
		DD000000000000000000041 /* WoundOSV2.xcdatamodeld in Sources */ = {isa = PBXBuildFile; fileRef = CC000000000000000000041; };
		DD000000000000000000050 /* WoundOSV2Tests.swift in Sources */ = {isa = PBXBuildFile; fileRef = CC000000000000000000050; };
		DD000000000000000000060 /* WoundOSV2UITests.swift in Sources */ = {isa = PBXBuildFile; fileRef = CC000000000000000000060; };
		DD000000000000000000070 /* KeychainAccess in Frameworks */ = {isa = PBXBuildFile; productRef = AE000000000000000000001; };
		DD000000000000000000071 /* Algorithms in Frameworks */ = {isa = PBXBuildFile; productRef = AE000000000000000000002; };
/* End PBXBuildFile section */

/* Begin PBXContainerItemProxy section */
		AA000000000000000000010 /* PBXContainerItemProxy */ = {
			isa = PBXContainerItemProxy;
			containerPortal = AA000000000000000000001 /* Project object */;
			proxyType = 1;
			remoteGlobalIDString = EE000000000000000000001;
			remoteInfo = WoundOSV2;
		};
		AA000000000000000000011 /* PBXContainerItemProxy */ = {
			isa = PBXContainerItemProxy;
			containerPortal = AA000000000000000000001 /* Project object */;
			proxyType = 1;
			remoteGlobalIDString = EE000000000000000000001;
			remoteInfo = WoundOSV2;
		};
/* End PBXContainerItemProxy section */

/* Begin PBXFileReference section */
		CC000000000000000000001 /* WoundOSApp.swift */ = {isa = PBXFileReference; lastKnownFileType = sourcecode.swift; path = WoundOSApp.swift; sourceTree = "<group>"; };
		CC000000000000000000002 /* ContentView.swift */ = {isa = PBXFileReference; lastKnownFileType = sourcecode.swift; path = ContentView.swift; sourceTree = "<group>"; };
		CC000000000000000000003 /* Theme.swift */ = {isa = PBXFileReference; lastKnownFileType = sourcecode.swift; path = Theme.swift; sourceTree = "<group>"; };
		CC000000000000000000004 /* WOSButton.swift */ = {isa = PBXFileReference; lastKnownFileType = sourcecode.swift; path = WOSButton.swift; sourceTree = "<group>"; };
		CC000000000000000000005 /* WOSCard.swift */ = {isa = PBXFileReference; lastKnownFileType = sourcecode.swift; path = WOSCard.swift; sourceTree = "<group>"; };
		CC000000000000000000006 /* WOSHaptics.swift */ = {isa = PBXFileReference; lastKnownFileType = sourcecode.swift; path = WOSHaptics.swift; sourceTree = "<group>"; };
		CC000000000000000000007 /* WOSMetricTile.swift */ = {isa = PBXFileReference; lastKnownFileType = sourcecode.swift; path = WOSMetricTile.swift; sourceTree = "<group>"; };
		CC000000000000000000008 /* WOSProgressRing.swift */ = {isa = PBXFileReference; lastKnownFileType = sourcecode.swift; path = WOSProgressRing.swift; sourceTree = "<group>"; };
		CC000000000000000000009 /* WOSShimmer.swift */ = {isa = PBXFileReference; lastKnownFileType = sourcecode.swift; path = WOSShimmer.swift; sourceTree = "<group>"; };
		CC000000000000000000010 /* WOSStatusBadge.swift */ = {isa = PBXFileReference; lastKnownFileType = sourcecode.swift; path = WOSStatusBadge.swift; sourceTree = "<group>"; };
		CC000000000000000000011 /* DashboardView.swift */ = {isa = PBXFileReference; lastKnownFileType = sourcecode.swift; path = DashboardView.swift; sourceTree = "<group>"; };
		CC000000000000000000012 /* DashboardViewModel.swift */ = {isa = PBXFileReference; lastKnownFileType = sourcecode.swift; path = DashboardViewModel.swift; sourceTree = "<group>"; };
		CC000000000000000000013 /* HealingTrendChart.swift */ = {isa = PBXFileReference; lastKnownFileType = sourcecode.swift; path = HealingTrendChart.swift; sourceTree = "<group>"; };
		CC000000000000000000014 /* RecentScanCard.swift */ = {isa = PBXFileReference; lastKnownFileType = sourcecode.swift; path = RecentScanCard.swift; sourceTree = "<group>"; };
		CC000000000000000000015 /* PatientListView.swift */ = {isa = PBXFileReference; lastKnownFileType = sourcecode.swift; path = PatientListView.swift; sourceTree = "<group>"; };
		CC000000000000000000016 /* PatientProfileView.swift */ = {isa = PBXFileReference; lastKnownFileType = sourcecode.swift; path = PatientProfileView.swift; sourceTree = "<group>"; };
		CC000000000000000000017 /* PatientViewModel.swift */ = {isa = PBXFileReference; lastKnownFileType = sourcecode.swift; path = PatientViewModel.swift; sourceTree = "<group>"; };
		CC000000000000000000018 /* WoundTimelineView.swift */ = {isa = PBXFileReference; lastKnownFileType = sourcecode.swift; path = WoundTimelineView.swift; sourceTree = "<group>"; };
		CC000000000000000000019 /* SettingsView.swift */ = {isa = PBXFileReference; lastKnownFileType = sourcecode.swift; path = SettingsView.swift; sourceTree = "<group>"; };
		CC000000000000000000020 /* CameraIntrinsics.swift */ = {isa = PBXFileReference; lastKnownFileType = sourcecode.swift; path = CameraIntrinsics.swift; sourceTree = "<group>"; };
		CC000000000000000000021 /* CameraPose.swift */ = {isa = PBXFileReference; lastKnownFileType = sourcecode.swift; path = CameraPose.swift; sourceTree = "<group>"; };
		CC000000000000000000022 /* PUSHScore.swift */ = {isa = PBXFileReference; lastKnownFileType = sourcecode.swift; path = PUSHScore.swift; sourceTree = "<group>"; };
		CC000000000000000000023 /* Patient.swift */ = {isa = PBXFileReference; lastKnownFileType = sourcecode.swift; path = Patient.swift; sourceTree = "<group>"; };
		CC000000000000000000024 /* WoundMeasurement.swift */ = {isa = PBXFileReference; lastKnownFileType = sourcecode.swift; path = WoundMeasurement.swift; sourceTree = "<group>"; };
		CC000000000000000000025 /* WoundScan.swift */ = {isa = PBXFileReference; lastKnownFileType = sourcecode.swift; path = WoundScan.swift; sourceTree = "<group>"; };
		CC000000000000000000026 /* MockDataProvider.swift */ = {isa = PBXFileReference; lastKnownFileType = sourcecode.swift; path = MockDataProvider.swift; sourceTree = "<group>"; };
		CC000000000000000000027 /* ScanStore.swift */ = {isa = PBXFileReference; lastKnownFileType = sourcecode.swift; path = ScanStore.swift; sourceTree = "<group>"; };
		CC000000000000000000028 /* ServerConfig.swift */ = {isa = PBXFileReference; lastKnownFileType = sourcecode.swift; path = ServerConfig.swift; sourceTree = "<group>"; };
		CC000000000000000000029 /* GaussianSplat.metal */ = {isa = PBXFileReference; lastKnownFileType = sourcecode.metal; path = GaussianSplat.metal; sourceTree = "<group>"; };
		CC000000000000000000030 /* ShaderTypes.h */ = {isa = PBXFileReference; lastKnownFileType = sourcecode.c.h; path = ShaderTypes.h; sourceTree = "<group>"; };
		CC000000000000000000040 /* Assets.xcassets */ = {isa = PBXFileReference; lastKnownFileType = folder.assetcatalog; path = Assets.xcassets; sourceTree = "<group>"; };
		CC000000000000000000041 /* WoundOSV2.xcdatamodeld */ = {isa = PBXFileReference; lastKnownFileType = wrapper.xcdatamodeld; path = WoundOSV2.xcdatamodeld; sourceTree = "<group>"; };
		CC000000000000000000042 /* Info.plist */ = {isa = PBXFileReference; lastKnownFileType = text.plist.xml; path = Info.plist; sourceTree = "<group>"; };
		CC000000000000000000050 /* WoundOSV2Tests.swift */ = {isa = PBXFileReference; lastKnownFileType = sourcecode.swift; path = WoundOSV2Tests.swift; sourceTree = "<group>"; };
		CC000000000000000000060 /* WoundOSV2UITests.swift */ = {isa = PBXFileReference; lastKnownFileType = sourcecode.swift; path = WoundOSV2UITests.swift; sourceTree = "<group>"; };
		PP000000000000000000001 /* WoundOSV2.app */ = {isa = PBXFileReference; explicitFileType = wrapper.application; includeInIndex = 0; path = WoundOSV2.app; sourceTree = BUILT_PRODUCTS_DIR; };
		PP000000000000000000002 /* WoundOSV2Tests.xctest */ = {isa = PBXFileReference; explicitFileType = wrapper.cfbundle; includeInIndex = 0; path = WoundOSV2Tests.xctest; sourceTree = BUILT_PRODUCTS_DIR; };
		PP000000000000000000003 /* WoundOSV2UITests.xctest */ = {isa = PBXFileReference; explicitFileType = wrapper.cfbundle; includeInIndex = 0; path = WoundOSV2UITests.xctest; sourceTree = BUILT_PRODUCTS_DIR; };
/* End PBXFileReference section */

/* Begin PBXFrameworksBuildPhase section */
		FF000000000000000000003 /* Frameworks */ = {
			isa = PBXFrameworksBuildPhase;
			buildActionMask = 2147483647;
			files = (
				DD000000000000000000070 /* KeychainAccess in Frameworks */,
				DD000000000000000000071 /* Algorithms in Frameworks */,
			);
			runOnlyForDeploymentPostprocessing = 0;
		};
		FF000000000000000000006 /* Frameworks */ = {
			isa = PBXFrameworksBuildPhase;
			buildActionMask = 2147483647;
			files = (
			);
			runOnlyForDeploymentPostprocessing = 0;
		};
		FF000000000000000000009 /* Frameworks */ = {
			isa = PBXFrameworksBuildPhase;
			buildActionMask = 2147483647;
			files = (
			);
			runOnlyForDeploymentPostprocessing = 0;
		};
/* End PBXFrameworksBuildPhase section */

/* Begin PBXGroup section */
		BB000000000000000000001 /* Root */ = {
			isa = PBXGroup;
			children = (
				BB000000000000000000002 /* WoundOSV2 */,
				BB000000000000000000020 /* WoundOSV2Tests */,
				BB000000000000000000021 /* WoundOSV2UITests */,
				BB000000000000000000022 /* Products */,
			);
			sourceTree = "<group>";
		};
		BB000000000000000000002 /* WoundOSV2 */ = {
			isa = PBXGroup;
			children = (
				BB000000000000000000003 /* App */,
				BB000000000000000000004 /* DesignSystem */,
				BB000000000000000000005 /* Features */,
				BB000000000000000000010 /* Models */,
				BB000000000000000000011 /* Services */,
				BB000000000000000000012 /* Utilities */,
				BB000000000000000000013 /* Resources */,
				BB000000000000000000014 /* Metal */,
				BB000000000000000000015 /* Preview Content */,
				CC000000000000000000042 /* Info.plist */,
			);
			path = WoundOSV2;
			sourceTree = "<group>";
		};
		BB000000000000000000003 /* App */ = {
			isa = PBXGroup;
			children = (
				CC000000000000000000001 /* WoundOSApp.swift */,
				CC000000000000000000002 /* ContentView.swift */,
			);
			path = App;
			sourceTree = "<group>";
		};
		BB000000000000000000004 /* DesignSystem */ = {
			isa = PBXGroup;
			children = (
				CC000000000000000000003 /* Theme.swift */,
				CC000000000000000000004 /* WOSButton.swift */,
				CC000000000000000000005 /* WOSCard.swift */,
				CC000000000000000000006 /* WOSHaptics.swift */,
				CC000000000000000000007 /* WOSMetricTile.swift */,
				CC000000000000000000008 /* WOSProgressRing.swift */,
				CC000000000000000000009 /* WOSShimmer.swift */,
				CC000000000000000000010 /* WOSStatusBadge.swift */,
			);
			path = DesignSystem;
			sourceTree = "<group>";
		};
		BB000000000000000000005 /* Features */ = {
			isa = PBXGroup;
			children = (
				BB000000000000000000006 /* Dashboard */,
				BB000000000000000000007 /* Patient */,
				BB000000000000000000008 /* Settings */,
			);
			path = Features;
			sourceTree = "<group>";
		};
		BB000000000000000000006 /* Dashboard */ = {
			isa = PBXGroup;
			children = (
				CC000000000000000000011 /* DashboardView.swift */,
				CC000000000000000000012 /* DashboardViewModel.swift */,
				CC000000000000000000013 /* HealingTrendChart.swift */,
				CC000000000000000000014 /* RecentScanCard.swift */,
			);
			path = Dashboard;
			sourceTree = "<group>";
		};
		BB000000000000000000007 /* Patient */ = {
			isa = PBXGroup;
			children = (
				CC000000000000000000015 /* PatientListView.swift */,
				CC000000000000000000016 /* PatientProfileView.swift */,
				CC000000000000000000017 /* PatientViewModel.swift */,
				CC000000000000000000018 /* WoundTimelineView.swift */,
			);
			path = Patient;
			sourceTree = "<group>";
		};
		BB000000000000000000008 /* Settings */ = {
			isa = PBXGroup;
			children = (
				CC000000000000000000019 /* SettingsView.swift */,
			);
			path = Settings;
			sourceTree = "<group>";
		};
		BB000000000000000000010 /* Models */ = {
			isa = PBXGroup;
			children = (
				CC000000000000000000020 /* CameraIntrinsics.swift */,
				CC000000000000000000021 /* CameraPose.swift */,
				CC000000000000000000022 /* PUSHScore.swift */,
				CC000000000000000000023 /* Patient.swift */,
				CC000000000000000000024 /* WoundMeasurement.swift */,
				CC000000000000000000025 /* WoundScan.swift */,
			);
			path = Models;
			sourceTree = "<group>";
		};
		BB000000000000000000011 /* Services */ = {
			isa = PBXGroup;
			children = (
				CC000000000000000000027 /* ScanStore.swift */,
			);
			path = Services;
			sourceTree = "<group>";
		};
		BB000000000000000000012 /* Utilities */ = {
			isa = PBXGroup;
			children = (
				CC000000000000000000028 /* ServerConfig.swift */,
			);
			path = Utilities;
			sourceTree = "<group>";
		};
		BB000000000000000000013 /* Resources */ = {
			isa = PBXGroup;
			children = (
				CC000000000000000000040 /* Assets.xcassets */,
				CC000000000000000000041 /* WoundOSV2.xcdatamodeld */,
			);
			path = Resources;
			sourceTree = "<group>";
		};
		BB000000000000000000014 /* Metal */ = {
			isa = PBXGroup;
			children = (
				CC000000000000000000029 /* GaussianSplat.metal */,
				CC000000000000000000030 /* ShaderTypes.h */,
			);
			path = Metal;
			sourceTree = "<group>";
		};
		BB000000000000000000015 /* Preview Content */ = {
			isa = PBXGroup;
			children = (
				CC000000000000000000026 /* MockDataProvider.swift */,
			);
			path = "Preview Content";
			sourceTree = "<group>";
		};
		BB000000000000000000020 /* WoundOSV2Tests */ = {
			isa = PBXGroup;
			children = (
				CC000000000000000000050 /* WoundOSV2Tests.swift */,
			);
			path = WoundOSV2Tests;
			sourceTree = "<group>";
		};
		BB000000000000000000021 /* WoundOSV2UITests */ = {
			isa = PBXGroup;
			children = (
				CC000000000000000000060 /* WoundOSV2UITests.swift */,
			);
			path = WoundOSV2UITests;
			sourceTree = "<group>";
		};
		BB000000000000000000022 /* Products */ = {
			isa = PBXGroup;
			children = (
				PP000000000000000000001 /* WoundOSV2.app */,
				PP000000000000000000002 /* WoundOSV2Tests.xctest */,
				PP000000000000000000003 /* WoundOSV2UITests.xctest */,
			);
			name = Products;
			sourceTree = "<group>";
		};
/* End PBXGroup section */

/* Begin PBXNativeTarget section */
		EE000000000000000000001 /* WoundOSV2 */ = {
			isa = PBXNativeTarget;
			buildConfigurationList = AC000000000000000000002 /* Build configuration list for PBXNativeTarget "WoundOSV2" */;
			buildPhases = (
				FF000000000000000000001 /* Sources */,
				FF000000000000000000002 /* Resources */,
				FF000000000000000000003 /* Frameworks */,
			);
			buildRules = (
			);
			dependencies = (
			);
			name = WoundOSV2;
			packageProductDependencies = (
				AE000000000000000000001 /* KeychainAccess */,
				AE000000000000000000002 /* Algorithms */,
			);
			productName = WoundOSV2;
			productReference = PP000000000000000000001 /* WoundOSV2.app */;
			productType = "com.apple.product-type.application";
		};
		EE000000000000000000002 /* WoundOSV2Tests */ = {
			isa = PBXNativeTarget;
			buildConfigurationList = AC000000000000000000003 /* Build configuration list for PBXNativeTarget "WoundOSV2Tests" */;
			buildPhases = (
				FF000000000000000000004 /* Sources */,
				FF000000000000000000005 /* Resources */,
				FF000000000000000000006 /* Frameworks */,
			);
			buildRules = (
			);
			dependencies = (
				AA000000000000000000012 /* PBXTargetDependency */,
			);
			name = WoundOSV2Tests;
			productName = WoundOSV2Tests;
			productReference = PP000000000000000000002 /* WoundOSV2Tests.xctest */;
			productType = "com.apple.product-type.bundle.unit-test";
		};
		EE000000000000000000003 /* WoundOSV2UITests */ = {
			isa = PBXNativeTarget;
			buildConfigurationList = AC000000000000000000004 /* Build configuration list for PBXNativeTarget "WoundOSV2UITests" */;
			buildPhases = (
				FF000000000000000000007 /* Sources */,
				FF000000000000000000008 /* Resources */,
				FF000000000000000000009 /* Frameworks */,
			);
			buildRules = (
			);
			dependencies = (
				AA000000000000000000013 /* PBXTargetDependency */,
			);
			name = WoundOSV2UITests;
			productName = WoundOSV2UITests;
			productReference = PP000000000000000000003 /* WoundOSV2UITests.xctest */;
			productType = "com.apple.product-type.bundle.ui-testing";
		};
/* End PBXNativeTarget section */

/* Begin PBXProject section */
		AA000000000000000000001 /* Project object */ = {
			isa = PBXProject;
			attributes = {
				BuildIndependentTargetsInParallel = 1;
				LastSwiftUpdateCheck = 1540;
				LastUpgradeCheck = 1540;
				TargetAttributes = {
					EE000000000000000000001 = {
						CreatedOnToolsVersion = 15.4;
					};
					EE000000000000000000002 = {
						CreatedOnToolsVersion = 15.4;
						TestTargetID = EE000000000000000000001;
					};
					EE000000000000000000003 = {
						CreatedOnToolsVersion = 15.4;
						TestTargetID = EE000000000000000000001;
					};
				};
			};
			buildConfigurationList = AC000000000000000000001 /* Build configuration list for PBXProject "WoundOSV2" */;
			compatibilityVersion = "Xcode 14.0";
			developmentRegion = en;
			hasScannedForEncodings = 0;
			knownRegions = (
				en,
				Base,
			);
			mainGroup = BB000000000000000000001 /* Root */;
			packageReferences = (
				AD000000000000000000001 /* XCRemoteSwiftPackageReference "KeychainAccess" */,
				AD000000000000000000002 /* XCRemoteSwiftPackageReference "swift-algorithms" */,
			);
			productRefGroup = BB000000000000000000022 /* Products */;
			projectDirPath = "";
			projectRoot = "";
			targets = (
				EE000000000000000000001 /* WoundOSV2 */,
				EE000000000000000000002 /* WoundOSV2Tests */,
				EE000000000000000000003 /* WoundOSV2UITests */,
			);
		};
/* End PBXProject section */

/* Begin PBXResourcesBuildPhase section */
		FF000000000000000000002 /* Resources */ = {
			isa = PBXResourcesBuildPhase;
			buildActionMask = 2147483647;
			files = (
				DD000000000000000000040 /* Assets.xcassets in Resources */,
			);
			runOnlyForDeploymentPostprocessing = 0;
		};
		FF000000000000000000005 /* Resources */ = {
			isa = PBXResourcesBuildPhase;
			buildActionMask = 2147483647;
			files = (
			);
			runOnlyForDeploymentPostprocessing = 0;
		};
		FF000000000000000000008 /* Resources */ = {
			isa = PBXResourcesBuildPhase;
			buildActionMask = 2147483647;
			files = (
			);
			runOnlyForDeploymentPostprocessing = 0;
		};
/* End PBXResourcesBuildPhase section */

/* Begin PBXSourcesBuildPhase section */
		FF000000000000000000001 /* Sources */ = {
			isa = PBXSourcesBuildPhase;
			buildActionMask = 2147483647;
			files = (
				DD000000000000000000001 /* WoundOSApp.swift in Sources */,
				DD000000000000000000002 /* ContentView.swift in Sources */,
				DD000000000000000000003 /* Theme.swift in Sources */,
				DD000000000000000000004 /* WOSButton.swift in Sources */,
				DD000000000000000000005 /* WOSCard.swift in Sources */,
				DD000000000000000000006 /* WOSHaptics.swift in Sources */,
				DD000000000000000000007 /* WOSMetricTile.swift in Sources */,
				DD000000000000000000008 /* WOSProgressRing.swift in Sources */,
				DD000000000000000000009 /* WOSShimmer.swift in Sources */,
				DD000000000000000000010 /* WOSStatusBadge.swift in Sources */,
				DD000000000000000000011 /* DashboardView.swift in Sources */,
				DD000000000000000000012 /* DashboardViewModel.swift in Sources */,
				DD000000000000000000013 /* HealingTrendChart.swift in Sources */,
				DD000000000000000000014 /* RecentScanCard.swift in Sources */,
				DD000000000000000000015 /* PatientListView.swift in Sources */,
				DD000000000000000000016 /* PatientProfileView.swift in Sources */,
				DD000000000000000000017 /* PatientViewModel.swift in Sources */,
				DD000000000000000000018 /* WoundTimelineView.swift in Sources */,
				DD000000000000000000019 /* SettingsView.swift in Sources */,
				DD000000000000000000020 /* CameraIntrinsics.swift in Sources */,
				DD000000000000000000021 /* CameraPose.swift in Sources */,
				DD000000000000000000022 /* PUSHScore.swift in Sources */,
				DD000000000000000000023 /* Patient.swift in Sources */,
				DD000000000000000000024 /* WoundMeasurement.swift in Sources */,
				DD000000000000000000025 /* WoundScan.swift in Sources */,
				DD000000000000000000026 /* MockDataProvider.swift in Sources */,
				DD000000000000000000027 /* ScanStore.swift in Sources */,
				DD000000000000000000028 /* ServerConfig.swift in Sources */,
				DD000000000000000000029 /* GaussianSplat.metal in Sources */,
				DD000000000000000000041 /* WoundOSV2.xcdatamodeld in Sources */,
			);
			runOnlyForDeploymentPostprocessing = 0;
		};
		FF000000000000000000004 /* Sources */ = {
			isa = PBXSourcesBuildPhase;
			buildActionMask = 2147483647;
			files = (
				DD000000000000000000050 /* WoundOSV2Tests.swift in Sources */,
			);
			runOnlyForDeploymentPostprocessing = 0;
		};
		FF000000000000000000007 /* Sources */ = {
			isa = PBXSourcesBuildPhase;
			buildActionMask = 2147483647;
			files = (
				DD000000000000000000060 /* WoundOSV2UITests.swift in Sources */,
			);
			runOnlyForDeploymentPostprocessing = 0;
		};
/* End PBXSourcesBuildPhase section */

/* Begin PBXTargetDependency section */
		AA000000000000000000012 /* PBXTargetDependency */ = {
			isa = PBXTargetDependency;
			target = EE000000000000000000001 /* WoundOSV2 */;
			targetProxy = AA000000000000000000010 /* PBXContainerItemProxy */;
		};
		AA000000000000000000013 /* PBXTargetDependency */ = {
			isa = PBXTargetDependency;
			target = EE000000000000000000001 /* WoundOSV2 */;
			targetProxy = AA000000000000000000011 /* PBXContainerItemProxy */;
		};
/* End PBXTargetDependency section */

/* Begin XCBuildConfiguration section */
		AB000000000000000000001 /* Debug */ = {
			isa = XCBuildConfiguration;
			buildSettings = {
				ALWAYS_SEARCH_USER_PATHS = NO;
				ASSETCATALOG_COMPILER_GENERATE_SWIFT_ASSET_SYMBOL_EXTENSIONS = YES;
				CLANG_ANALYZER_NONNULL = YES;
				CLANG_ANALYZER_NUMBER_OBJECT_CONVERSION = YES_AGGRESSIVE;
				CLANG_CXX_LANGUAGE_STANDARD = "gnu++20";
				CLANG_ENABLE_MODULES = YES;
				CLANG_ENABLE_OBJC_ARC = YES;
				CLANG_ENABLE_OBJC_WEAK = YES;
				CLANG_WARN_BLOCK_CAPTURE_AUTORELEASING = YES;
				CLANG_WARN_BOOL_CONVERSION = YES;
				CLANG_WARN_COMMA = YES;
				CLANG_WARN_CONSTANT_CONVERSION = YES;
				CLANG_WARN_DEPRECATED_OBJC_IMPLEMENTATIONS = YES;
				CLANG_WARN_DIRECT_OBJC_ISA_USAGE = YES_ERROR;
				CLANG_WARN_DOCUMENTATION_COMMENTS = YES;
				CLANG_WARN_EMPTY_BODY = YES;
				CLANG_WARN_ENUM_CONVERSION = YES;
				CLANG_WARN_INFINITE_RECURSION = YES;
				CLANG_WARN_INT_CONVERSION = YES;
				CLANG_WARN_NON_LITERAL_NULL_CONVERSION = YES;
				CLANG_WARN_OBJC_IMPLICIT_RETAIN_SELF = YES;
				CLANG_WARN_OBJC_LITERAL_CONVERSION = YES;
				CLANG_WARN_OBJC_ROOT_CLASS = YES_ERROR;
				CLANG_WARN_QUOTED_INCLUDE_IN_FRAMEWORK_HEADER = YES;
				CLANG_WARN_RANGE_LOOP_ANALYSIS = YES;
				CLANG_WARN_STRICT_PROTOTYPES = YES;
				CLANG_WARN_SUSPICIOUS_MOVE = YES;
				CLANG_WARN_UNGUARDED_AVAILABILITY = YES_AGGRESSIVE;
				CLANG_WARN_UNREACHABLE_CODE = YES;
				CLANG_WARN__DUPLICATE_METHOD_MATCH = YES;
				COPY_PHASE_STRIP = NO;
				DEBUG_INFORMATION_FORMAT = dwarf;
				ENABLE_STRICT_OBJC_MSGSEND = YES;
				ENABLE_TESTABILITY = YES;
				ENABLE_USER_SCRIPT_SANDBOXING = YES;
				GCC_C_LANGUAGE_STANDARD = gnu17;
				GCC_DYNAMIC_NO_PIC = NO;
				GCC_NO_COMMON_BLOCKS = YES;
				GCC_OPTIMIZATION_LEVEL = 0;
				GCC_PREPROCESSOR_DEFINITIONS = (
					"DEBUG=1",
					"$(inherited)",
				);
				GCC_WARN_64_TO_32_BIT_CONVERSION = YES;
				GCC_WARN_ABOUT_RETURN_TYPE = YES_ERROR;
				GCC_WARN_UNDECLARED_SELECTOR = YES;
				GCC_WARN_UNINITIALIZED_AUTOS = YES_AGGRESSIVE;
				GCC_WARN_UNUSED_FUNCTION = YES;
				GCC_WARN_UNUSED_VARIABLE = YES;
				IPHONEOS_DEPLOYMENT_TARGET = 16.0;
				LOCALIZATION_PREFERS_STRING_CATALOGS = YES;
				MTL_ENABLE_DEBUG_INFO = INCLUDE_SOURCE;
				MTL_FAST_MATH = YES;
				ONLY_ACTIVE_ARCH = YES;
				SDKROOT = iphoneos;
				SWIFT_ACTIVE_COMPILATION_CONDITIONS = "$(inherited) DEBUG";
				SWIFT_OPTIMIZATION_LEVEL = "-Onone";
			};
			name = Debug;
		};
		AB000000000000000000002 /* Release */ = {
			isa = XCBuildConfiguration;
			buildSettings = {
				ALWAYS_SEARCH_USER_PATHS = NO;
				ASSETCATALOG_COMPILER_GENERATE_SWIFT_ASSET_SYMBOL_EXTENSIONS = YES;
				CLANG_ANALYZER_NONNULL = YES;
				CLANG_ANALYZER_NUMBER_OBJECT_CONVERSION = YES_AGGRESSIVE;
				CLANG_CXX_LANGUAGE_STANDARD = "gnu++20";
				CLANG_ENABLE_MODULES = YES;
				CLANG_ENABLE_OBJC_ARC = YES;
				CLANG_ENABLE_OBJC_WEAK = YES;
				CLANG_WARN_BLOCK_CAPTURE_AUTORELEASING = YES;
				CLANG_WARN_BOOL_CONVERSION = YES;
				CLANG_WARN_COMMA = YES;
				CLANG_WARN_CONSTANT_CONVERSION = YES;
				CLANG_WARN_DEPRECATED_OBJC_IMPLEMENTATIONS = YES;
				CLANG_WARN_DIRECT_OBJC_ISA_USAGE = YES_ERROR;
				CLANG_WARN_DOCUMENTATION_COMMENTS = YES;
				CLANG_WARN_EMPTY_BODY = YES;
				CLANG_WARN_ENUM_CONVERSION = YES;
				CLANG_WARN_INFINITE_RECURSION = YES;
				CLANG_WARN_INT_CONVERSION = YES;
				CLANG_WARN_NON_LITERAL_NULL_CONVERSION = YES;
				CLANG_WARN_OBJC_IMPLICIT_RETAIN_SELF = YES;
				CLANG_WARN_OBJC_LITERAL_CONVERSION = YES;
				CLANG_WARN_OBJC_ROOT_CLASS = YES_ERROR;
				CLANG_WARN_QUOTED_INCLUDE_IN_FRAMEWORK_HEADER = YES;
				CLANG_WARN_RANGE_LOOP_ANALYSIS = YES;
				CLANG_WARN_STRICT_PROTOTYPES = YES;
				CLANG_WARN_SUSPICIOUS_MOVE = YES;
				CLANG_WARN_UNGUARDED_AVAILABILITY = YES_AGGRESSIVE;
				CLANG_WARN_UNREACHABLE_CODE = YES;
				CLANG_WARN__DUPLICATE_METHOD_MATCH = YES;
				COPY_PHASE_STRIP = NO;
				DEBUG_INFORMATION_FORMAT = "dwarf-with-dsym";
				ENABLE_NS_ASSERTIONS = NO;
				ENABLE_STRICT_OBJC_MSGSEND = YES;
				ENABLE_USER_SCRIPT_SANDBOXING = YES;
				GCC_C_LANGUAGE_STANDARD = gnu17;
				GCC_NO_COMMON_BLOCKS = YES;
				GCC_WARN_64_TO_32_BIT_CONVERSION = YES;
				GCC_WARN_ABOUT_RETURN_TYPE = YES_ERROR;
				GCC_WARN_UNDECLARED_SELECTOR = YES;
				GCC_WARN_UNINITIALIZED_AUTOS = YES_AGGRESSIVE;
				GCC_WARN_UNUSED_FUNCTION = YES;
				GCC_WARN_UNUSED_VARIABLE = YES;
				IPHONEOS_DEPLOYMENT_TARGET = 16.0;
				LOCALIZATION_PREFERS_STRING_CATALOGS = YES;
				MTL_ENABLE_DEBUG_INFO = NO;
				MTL_FAST_MATH = YES;
				SDKROOT = iphoneos;
				SWIFT_COMPILATION_MODE = wholemodule;
				VALIDATE_PRODUCT = YES;
			};
			name = Release;
		};
		AB000000000000000000003 /* Debug */ = {
			isa = XCBuildConfiguration;
			buildSettings = {
				ASSETCATALOG_COMPILER_APPICON_NAME = AppIcon;
				ASSETCATALOG_COMPILER_GLOBAL_ACCENT_COLOR_NAME = AccentColor;
				CODE_SIGN_STYLE = Automatic;
				CURRENT_PROJECT_VERSION = 1;
				DEVELOPMENT_ASSET_PATHS = "\"WoundOSV2/Preview Content\"";
				ENABLE_PREVIEWS = YES;
				GENERATE_INFOPLIST_FILE = NO;
				INFOPLIST_FILE = WoundOSV2/Info.plist;
				INFOPLIST_KEY_CFBundleDisplayName = WoundOS;
				INFOPLIST_KEY_LSApplicationCategoryType = "public.app-category.medical";
				INFOPLIST_KEY_UIApplicationSceneManifest_Generation = YES;
				INFOPLIST_KEY_UIApplicationSupportsIndirectInputEvents = YES;
				INFOPLIST_KEY_UILaunchScreen_Generation = YES;
				INFOPLIST_KEY_UISupportedInterfaceOrientations = UIInterfaceOrientationPortrait;
				LD_RUNPATH_SEARCH_PATHS = (
					"$(inherited)",
					"@executable_path/Frameworks",
				);
				MARKETING_VERSION = 1.0.0;
				PRODUCT_BUNDLE_IDENTIFIER = "com.careplix.woundos-v2";
				PRODUCT_NAME = "$(TARGET_NAME)";
				SWIFT_EMIT_LOC_STRINGS = YES;
				SWIFT_OBJC_BRIDGING_HEADER = "WoundOSV2/Metal/ShaderTypes.h";
				SWIFT_VERSION = 5.0;
				TARGETED_DEVICE_FAMILY = 1;
			};
			name = Debug;
		};
		AB000000000000000000004 /* Release */ = {
			isa = XCBuildConfiguration;
			buildSettings = {
				ASSETCATALOG_COMPILER_APPICON_NAME = AppIcon;
				ASSETCATALOG_COMPILER_GLOBAL_ACCENT_COLOR_NAME = AccentColor;
				CODE_SIGN_STYLE = Automatic;
				CURRENT_PROJECT_VERSION = 1;
				DEVELOPMENT_ASSET_PATHS = "\"WoundOSV2/Preview Content\"";
				ENABLE_PREVIEWS = YES;
				GENERATE_INFOPLIST_FILE = NO;
				INFOPLIST_FILE = WoundOSV2/Info.plist;
				INFOPLIST_KEY_CFBundleDisplayName = WoundOS;
				INFOPLIST_KEY_LSApplicationCategoryType = "public.app-category.medical";
				INFOPLIST_KEY_UIApplicationSceneManifest_Generation = YES;
				INFOPLIST_KEY_UIApplicationSupportsIndirectInputEvents = YES;
				INFOPLIST_KEY_UILaunchScreen_Generation = YES;
				INFOPLIST_KEY_UISupportedInterfaceOrientations = UIInterfaceOrientationPortrait;
				LD_RUNPATH_SEARCH_PATHS = (
					"$(inherited)",
					"@executable_path/Frameworks",
				);
				MARKETING_VERSION = 1.0.0;
				PRODUCT_BUNDLE_IDENTIFIER = "com.careplix.woundos-v2";
				PRODUCT_NAME = "$(TARGET_NAME)";
				SWIFT_EMIT_LOC_STRINGS = YES;
				SWIFT_OBJC_BRIDGING_HEADER = "WoundOSV2/Metal/ShaderTypes.h";
				SWIFT_VERSION = 5.0;
				TARGETED_DEVICE_FAMILY = 1;
			};
			name = Release;
		};
		AB000000000000000000005 /* Debug */ = {
			isa = XCBuildConfiguration;
			buildSettings = {
				BUNDLE_LOADER = "$(TEST_HOST)";
				CODE_SIGN_STYLE = Automatic;
				CURRENT_PROJECT_VERSION = 1;
				GENERATE_INFOPLIST_FILE = YES;
				IPHONEOS_DEPLOYMENT_TARGET = 16.0;
				MARKETING_VERSION = 1.0;
				PRODUCT_BUNDLE_IDENTIFIER = "com.careplix.woundos-v2.tests";
				PRODUCT_NAME = "$(TARGET_NAME)";
				SWIFT_EMIT_LOC_STRINGS = NO;
				SWIFT_VERSION = 5.0;
				TARGETED_DEVICE_FAMILY = 1;
				TEST_HOST = "$(BUILT_PRODUCTS_DIR)/WoundOSV2.app/$(BUNDLE_EXECUTABLE_FOLDER_PATH)/WoundOSV2";
			};
			name = Debug;
		};
		AB000000000000000000006 /* Release */ = {
			isa = XCBuildConfiguration;
			buildSettings = {
				BUNDLE_LOADER = "$(TEST_HOST)";
				CODE_SIGN_STYLE = Automatic;
				CURRENT_PROJECT_VERSION = 1;
				GENERATE_INFOPLIST_FILE = YES;
				IPHONEOS_DEPLOYMENT_TARGET = 16.0;
				MARKETING_VERSION = 1.0;
				PRODUCT_BUNDLE_IDENTIFIER = "com.careplix.woundos-v2.tests";
				PRODUCT_NAME = "$(TARGET_NAME)";
				SWIFT_EMIT_LOC_STRINGS = NO;
				SWIFT_VERSION = 5.0;
				TARGETED_DEVICE_FAMILY = 1;
				TEST_HOST = "$(BUILT_PRODUCTS_DIR)/WoundOSV2.app/$(BUNDLE_EXECUTABLE_FOLDER_PATH)/WoundOSV2";
			};
			name = Release;
		};
		AB000000000000000000007 /* Debug */ = {
			isa = XCBuildConfiguration;
			buildSettings = {
				CODE_SIGN_STYLE = Automatic;
				CURRENT_PROJECT_VERSION = 1;
				GENERATE_INFOPLIST_FILE = YES;
				IPHONEOS_DEPLOYMENT_TARGET = 16.0;
				MARKETING_VERSION = 1.0;
				PRODUCT_BUNDLE_IDENTIFIER = "com.careplix.woundos-v2.uitests";
				PRODUCT_NAME = "$(TARGET_NAME)";
				SWIFT_EMIT_LOC_STRINGS = NO;
				SWIFT_VERSION = 5.0;
				TARGETED_DEVICE_FAMILY = 1;
				TEST_TARGET_NAME = WoundOSV2;
			};
			name = Debug;
		};
		AB000000000000000000008 /* Release */ = {
			isa = XCBuildConfiguration;
			buildSettings = {
				CODE_SIGN_STYLE = Automatic;
				CURRENT_PROJECT_VERSION = 1;
				GENERATE_INFOPLIST_FILE = YES;
				IPHONEOS_DEPLOYMENT_TARGET = 16.0;
				MARKETING_VERSION = 1.0;
				PRODUCT_BUNDLE_IDENTIFIER = "com.careplix.woundos-v2.uitests";
				PRODUCT_NAME = "$(TARGET_NAME)";
				SWIFT_EMIT_LOC_STRINGS = NO;
				SWIFT_VERSION = 5.0;
				TARGETED_DEVICE_FAMILY = 1;
				TEST_TARGET_NAME = WoundOSV2;
			};
			name = Release;
		};
/* End XCBuildConfiguration section */

/* Begin XCConfigurationList section */
		AC000000000000000000001 /* Build configuration list for PBXProject "WoundOSV2" */ = {
			isa = XCConfigurationList;
			buildConfigurations = (
				AB000000000000000000001 /* Debug */,
				AB000000000000000000002 /* Release */,
			);
			defaultConfigurationIsVisible = 0;
			defaultConfigurationName = Release;
		};
		AC000000000000000000002 /* Build configuration list for PBXNativeTarget "WoundOSV2" */ = {
			isa = XCConfigurationList;
			buildConfigurations = (
				AB000000000000000000003 /* Debug */,
				AB000000000000000000004 /* Release */,
			);
			defaultConfigurationIsVisible = 0;
			defaultConfigurationName = Release;
		};
		AC000000000000000000003 /* Build configuration list for PBXNativeTarget "WoundOSV2Tests" */ = {
			isa = XCConfigurationList;
			buildConfigurations = (
				AB000000000000000000005 /* Debug */,
				AB000000000000000000006 /* Release */,
			);
			defaultConfigurationIsVisible = 0;
			defaultConfigurationName = Release;
		};
		AC000000000000000000004 /* Build configuration list for PBXNativeTarget "WoundOSV2UITests" */ = {
			isa = XCConfigurationList;
			buildConfigurations = (
				AB000000000000000000007 /* Debug */,
				AB000000000000000000008 /* Release */,
			);
			defaultConfigurationIsVisible = 0;
			defaultConfigurationName = Release;
		};
/* End XCConfigurationList section */

/* Begin XCRemoteSwiftPackageReference section */
		AD000000000000000000001 /* XCRemoteSwiftPackageReference "KeychainAccess" */ = {
			isa = XCRemoteSwiftPackageReference;
			repositoryURL = "https://github.com/kishikawakatsumi/KeychainAccess.git";
			requirement = {
				kind = exactVersion;
				version = 4.2.2;
			};
		};
		AD000000000000000000002 /* XCRemoteSwiftPackageReference "swift-algorithms" */ = {
			isa = XCRemoteSwiftPackageReference;
			repositoryURL = "https://github.com/apple/swift-algorithms.git";
			requirement = {
				kind = upToNextMajorVersion;
				minimumVersion = 1.2.0;
			};
		};
/* End XCRemoteSwiftPackageReference section */

/* Begin XCSwiftPackageProductDependency section */
		AE000000000000000000001 /* KeychainAccess */ = {
			isa = XCSwiftPackageProductDependency;
			package = AD000000000000000000001 /* XCRemoteSwiftPackageReference "KeychainAccess" */;
			productName = KeychainAccess;
		};
		AE000000000000000000002 /* Algorithms */ = {
			isa = XCSwiftPackageProductDependency;
			package = AD000000000000000000002 /* XCRemoteSwiftPackageReference "swift-algorithms" */;
			productName = Algorithms;
		};
/* End XCSwiftPackageProductDependency section */

	};
	rootObject = AA000000000000000000001 /* Project object */;
}
